// !$*UTF8*$!
{
	archiveVersion = 1;
	classes = {
	};
	objectVersion = 46;
	objects = {

/* Begin PBXBuildFile section */
		189D72341DE09F4500D631E2 /* NSDate+Component.m in Sources */ = {isa = PBXBuildFile; fileRef = 189D72331DE09F4500D631E2 /* NSDate+Component.m */; };
		18B5253E1DD84D2A00A63D9C /* main.m in Sources */ = {isa = PBXBuildFile; fileRef = 18B5253D1DD84D2A00A63D9C /* main.m */; };
		18B525411DD84D2A00A63D9C /* AppDelegate.m in Sources */ = {isa = PBXBuildFile; fileRef = 18B525401DD84D2A00A63D9C /* AppDelegate.m */; };
		18B525441DD84D2A00A63D9C /* ViewController.m in Sources */ = {isa = PBXBuildFile; fileRef = 18B525431DD84D2A00A63D9C /* ViewController.m */; };
		18B525471DD84D2A00A63D9C /* Main.storyboard in Resources */ = {isa = PBXBuildFile; fileRef = 18B525451DD84D2A00A63D9C /* Main.storyboard */; };
		18B525491DD84D2A00A63D9C /* Assets.xcassets in Resources */ = {isa = PBXBuildFile; fileRef = 18B525481DD84D2A00A63D9C /* Assets.xcassets */; };
		18B5254C1DD84D2A00A63D9C /* LaunchScreen.storyboard in Resources */ = {isa = PBXBuildFile; fileRef = 18B5254A1DD84D2A00A63D9C /* LaunchScreen.storyboard */; };
		18B525561DD855B100A63D9C /* LZBCalendar.m in Sources */ = {isa = PBXBuildFile; fileRef = 18B525551DD855B100A63D9C /* LZBCalendar.m */; };
		18B5255F1DD8591300A63D9C /* LZBCalendarHeaderView.m in Sources */ = {isa = PBXBuildFile; fileRef = 18B5255E1DD8591300A63D9C /* LZBCalendarHeaderView.m */; };
		18B525621DD85B2900A63D9C /* LZBCalendarAppearStyle.m in Sources */ = {isa = PBXBuildFile; fileRef = 18B525611DD85B2900A63D9C /* LZBCalendarAppearStyle.m */; };
		18B5256A1DD87D6100A63D9C /* LZBCalendarDateCell.m in Sources */ = {isa = PBXBuildFile; fileRef = 18B525691DD87D6100A63D9C /* LZBCalendarDateCell.m */; };
/* End PBXBuildFile section */

/* Begin PBXFileReference section */
		189D72321DE09F4500D631E2 /* NSDate+Component.h */ = {isa = PBXFileReference; fileEncoding = 4; lastKnownFileType = sourcecode.c.h; path = "NSDate+Component.h"; sourceTree = "<group>"; };
		189D72331DE09F4500D631E2 /* NSDate+Component.m */ = {isa = PBXFileReference; fileEncoding = 4; lastKnownFileType = sourcecode.c.objc; path = "NSDate+Component.m"; sourceTree = "<group>"; };
		18B525391DD84D2A00A63D9C /* LZBCalendar.app */ = {isa = PBXFileReference; explicitFileType = wrapper.application; includeInIndex = 0; path = LZBCalendar.app; sourceTree = BUILT_PRODUCTS_DIR; };
		18B5253D1DD84D2A00A63D9C /* main.m */ = {isa = PBXFileReference; lastKnownFileType = sourcecode.c.objc; path = main.m; sourceTree = "<group>"; };
		18B5253F1DD84D2A00A63D9C /* AppDelegate.h */ = {isa = PBXFileReference; lastKnownFileType = sourcecode.c.h; path = AppDelegate.h; sourceTree = "<group>"; };
		18B525401DD84D2A00A63D9C /* AppDelegate.m */ = {isa = PBXFileReference; lastKnownFileType = sourcecode.c.objc; path = AppDelegate.m; sourceTree = "<group>"; };
		18B525421DD84D2A00A63D9C /* ViewController.h */ = {isa = PBXFileReference; lastKnownFileType = sourcecode.c.h; path = ViewController.h; sourceTree = "<group>"; };
		18B525431DD84D2A00A63D9C /* ViewController.m */ = {isa = PBXFileReference; lastKnownFileType = sourcecode.c.objc; path = ViewController.m; sourceTree = "<group>"; };
		18B525461DD84D2A00A63D9C /* Base */ = {isa = PBXFileReference; lastKnownFileType = file.storyboard; name = Base; path = Base.lproj/Main.storyboard; sourceTree = "<group>"; };
		18B525481DD84D2A00A63D9C /* Assets.xcassets */ = {isa = PBXFileReference; lastKnownFileType = folder.assetcatalog; path = Assets.xcassets; sourceTree = "<group>"; };
		18B5254B1DD84D2A00A63D9C /* Base */ = {isa = PBXFileReference; lastKnownFileType = file.storyboard; name = Base; path = Base.lproj/LaunchScreen.storyboard; sourceTree = "<group>"; };
		18B5254D1DD84D2A00A63D9C /* Info.plist */ = {isa = PBXFileReference; lastKnownFileType = text.plist.xml; path = Info.plist; sourceTree = "<group>"; };
		18B525541DD855B100A63D9C /* LZBCalendar.h */ = {isa = PBXFileReference; fileEncoding = 4; lastKnownFileType = sourcecode.c.h; path = LZBCalendar.h; sourceTree = "<group>"; };
		18B525551DD855B100A63D9C /* LZBCalendar.m */ = {isa = PBXFileReference; fileEncoding = 4; lastKnownFileType = sourcecode.c.objc; path = LZBCalendar.m; sourceTree = "<group>"; };
		18B5255D1DD8591300A63D9C /* LZBCalendarHeaderView.h */ = {isa = PBXFileReference; fileEncoding = 4; lastKnownFileType = sourcecode.c.h; path = LZBCalendarHeaderView.h; sourceTree = "<group>"; };
		18B5255E1DD8591300A63D9C /* LZBCalendarHeaderView.m */ = {isa = PBXFileReference; fileEncoding = 4; lastKnownFileType = sourcecode.c.objc; path = LZBCalendarHeaderView.m; sourceTree = "<group>"; };
		18B525601DD85B2900A63D9C /* LZBCalendarAppearStyle.h */ = {isa = PBXFileReference; fileEncoding = 4; lastKnownFileType = sourcecode.c.h; path = LZBCalendarAppearStyle.h; sourceTree = "<group>"; };
		18B525611DD85B2900A63D9C /* LZBCalendarAppearStyle.m */ = {isa = PBXFileReference; fileEncoding = 4; lastKnownFileType = sourcecode.c.objc; path = LZBCalendarAppearStyle.m; sourceTree = "<group>"; };
		18B525681DD87D6100A63D9C /* LZBCalendarDateCell.h */ = {isa = PBXFileReference; fileEncoding = 4; lastKnownFileType = sourcecode.c.h; path = LZBCalendarDateCell.h; sourceTree = "<group>"; };
		18B525691DD87D6100A63D9C /* LZBCalendarDateCell.m */ = {isa = PBXFileReference; fileEncoding = 4; lastKnownFileType = sourcecode.c.objc; path = LZBCalendarDateCell.m; sourceTree = "<group>"; };
/* End PBXFileReference section */

/* Begin PBXFrameworksBuildPhase section */
		18B525361DD84D2A00A63D9C /* Frameworks */ = {
			isa = PBXFrameworksBuildPhase;
			buildActionMask = 2147483647;
			files = (
			);
			runOnlyForDeploymentPostprocessing = 0;
		};
/* End PBXFrameworksBuildPhase section */

/* Begin PBXGroup section */
		18B525301DD84D2A00A63D9C = {
			isa = PBXGroup;
			children = (
				18B5253B1DD84D2A00A63D9C /* LZBCalendar */,
				18B5253A1DD84D2A00A63D9C /* Products */,
			);
			sourceTree = "<group>";
		};
		18B5253A1DD84D2A00A63D9C /* Products */ = {
			isa = PBXGroup;
			children = (
				18B525391DD84D2A00A63D9C /* LZBCalendar.app */,
			);
			name = Products;
			sourceTree = "<group>";
		};
		18B5253B1DD84D2A00A63D9C /* LZBCalendar */ = {
			isa = PBXGroup;
			children = (
				18B525531DD84DAF00A63D9C /* LZBCalendar */,
				18B5253F1DD84D2A00A63D9C /* AppDelegate.h */,
				18B525401DD84D2A00A63D9C /* AppDelegate.m */,
				18B525421DD84D2A00A63D9C /* ViewController.h */,
				18B525431DD84D2A00A63D9C /* ViewController.m */,
				18B525451DD84D2A00A63D9C /* Main.storyboard */,
				18B525481DD84D2A00A63D9C /* Assets.xcassets */,
				18B5254A1DD84D2A00A63D9C /* LaunchScreen.storyboard */,
				18B5254D1DD84D2A00A63D9C /* Info.plist */,
				18B5253C1DD84D2A00A63D9C /* Supporting Files */,
			);
			path = LZBCalendar;
			sourceTree = "<group>";
		};
		18B5253C1DD84D2A00A63D9C /* Supporting Files */ = {
			isa = PBXGroup;
			children = (
				18B5253D1DD84D2A00A63D9C /* main.m */,
			);
			name = "Supporting Files";
			sourceTree = "<group>";
		};
		18B525531DD84DAF00A63D9C /* LZBCalendar */ = {
			isa = PBXGroup;
			children = (
				18B525541DD855B100A63D9C /* LZBCalendar.h */,
				18B525551DD855B100A63D9C /* LZBCalendar.m */,
				18B5255D1DD8591300A63D9C /* LZBCalendarHeaderView.h */,
				18B5255E1DD8591300A63D9C /* LZBCalendarHeaderView.m */,
				18B525601DD85B2900A63D9C /* LZBCalendarAppearStyle.h */,
				18B525611DD85B2900A63D9C /* LZBCalendarAppearStyle.m */,
				18B525681DD87D6100A63D9C /* LZBCalendarDateCell.h */,
				18B525691DD87D6100A63D9C /* LZBCalendarDateCell.m */,
				189D72321DE09F4500D631E2 /* NSDate+Component.h */,
				189D72331DE09F4500D631E2 /* NSDate+Component.m */,
			);
			path = LZBCalendar;
			sourceTree = "<group>";
		};
/* End PBXGroup section */

/* Begin PBXNativeTarget section */
		18B525381DD84D2A00A63D9C /* LZBCalendar */ = {
			isa = PBXNativeTarget;
			buildConfigurationList = 18B525501DD84D2A00A63D9C /* Build configuration list for PBXNativeTarget "LZBCalendar" */;
			buildPhases = (
				18B525351DD84D2A00A63D9C /* Sources */,
				18B525361DD84D2A00A63D9C /* Frameworks */,
				18B525371DD84D2A00A63D9C /* Resources */,
			);
			buildRules = (
			);
			dependencies = (
			);
			name = LZBCalendar;
			productName = LZBCalendar;
			productReference = 18B525391DD84D2A00A63D9C /* LZBCalendar.app */;
			productType = "com.apple.product-type.application";
		};
/* End PBXNativeTarget section */

/* Begin PBXProject section */
		18B525311DD84D2A00A63D9C /* Project object */ = {
			isa = PBXProject;
			attributes = {
				LastUpgradeCheck = 0810;
				ORGANIZATIONNAME = apple;
				TargetAttributes = {
					18B525381DD84D2A00A63D9C = {
						CreatedOnToolsVersion = 8.1;
						DevelopmentTeam = 8LYGY3ZDDQ;
						ProvisioningStyle = Automatic;
					};
				};
			};
			buildConfigurationList = 18B525341DD84D2A00A63D9C /* Build configuration list for PBXProject "LZBCalendar" */;
			compatibilityVersion = "Xcode 3.2";
			developmentRegion = English;
			hasScannedForEncodings = 0;
			knownRegions = (
				en,
				Base,
			);
			mainGroup = 18B525301DD84D2A00A63D9C;
			productRefGroup = 18B5253A1DD84D2A00A63D9C /* Products */;
			projectDirPath = "";
			projectRoot = "";
			targets = (
				18B525381DD84D2A00A63D9C /* LZBCalendar */,
			);
		};
/* End PBXProject section */

/* Begin PBXResourcesBuildPhase section */
		18B525371DD84D2A00A63D9C /* Resources */ = {
			isa = PBXResourcesBuildPhase;
			buildActionMask = 2147483647;
			files = (
				18B5254C1DD84D2A00A63D9C /* LaunchScreen.storyboard in Resources */,
				18B525491DD84D2A00A63D9C /* Assets.xcassets in Resources */,
				18B525471DD84D2A00A63D9C /* Main.storyboard in Resources */,
			);
			runOnlyForDeploymentPostprocessing = 0;
		};
/* End PBXResourcesBuildPhase section */

/* Begin PBXSourcesBuildPhase section */
		18B525351DD84D2A00A63D9C /* Sources */ = {
			isa = PBXSourcesBuildPhase;
			buildActionMask = 2147483647;
			files = (
				18B525441DD84D2A00A63D9C /* ViewController.m in Sources */,
				18B525621DD85B2900A63D9C /* LZBCalendarAppearStyle.m in Sources */,
				189D72341DE09F4500D631E2 /* NSDate+Component.m in Sources */,
				18B525411DD84D2A00A63D9C /* AppDelegate.m in Sources */,
				18B5256A1DD87D6100A63D9C /* LZBCalendarDateCell.m in Sources */,
				18B5255F1DD8591300A63D9C /* LZBCalendarHeaderView.m in Sources */,
				18B525561DD855B100A63D9C /* LZBCalendar.m in Sources */,
				18B5253E1DD84D2A00A63D9C /* main.m in Sources */,
			);
			runOnlyForDeploymentPostprocessing = 0;
		};
/* End PBXSourcesBuildPhase section */

/* Begin PBXVariantGroup section */
		18B525451DD84D2A00A63D9C /* Main.storyboard */ = {
			isa = PBXVariantGroup;
			children = (
				18B525461DD84D2A00A63D9C /* Base */,
			);
			name = Main.storyboard;
			sourceTree = "<group>";
		};
		18B5254A1DD84D2A00A63D9C /* LaunchScreen.storyboard */ = {
			isa = PBXVariantGroup;
			children = (
				18B5254B1DD84D2A00A63D9C /* Base */,
			);
			name = LaunchScreen.storyboard;
			sourceTree = "<group>";
		};
/* End PBXVariantGroup section */

/* Begin XCBuildConfiguration section */
		18B5254E1DD84D2A00A63D9C /* Debug */ = {
			isa = XCBuildConfiguration;
			buildSettings = {
				ALWAYS_SEARCH_USER_PATHS = NO;
				CLANG_ANALYZER_NONNULL = YES;
				CLANG_CXX_LANGUAGE_STANDARD = "gnu++0x";
				CLANG_CXX_LIBRARY = "libc++";
				CLANG_ENABLE_MODULES = YES;
				CLANG_ENABLE_OBJC_ARC = YES;
				CLANG_WARN_BOOL_CONVERSION = YES;
				CLANG_WARN_CONSTANT_CONVERSION = YES;
				CLANG_WARN_DIRECT_OBJC_ISA_USAGE = YES_ERROR;
				CLANG_WARN_DOCUMENTATION_COMMENTS = YES;
				CLANG_WARN_EMPTY_BODY = YES;
				CLANG_WARN_ENUM_CONVERSION = YES;
				CLANG_WARN_INFINITE_RECURSION = YES;
				CLANG_WARN_INT_CONVERSION = YES;
				CLANG_WARN_OBJC_ROOT_CLASS = YES_ERROR;
				CLANG_WARN_SUSPICIOUS_MOVES = YES;
				CLANG_WARN_UNREACHABLE_CODE = YES;
				CLANG_WARN__DUPLICATE_METHOD_MATCH = YES;
				"CODE_SIGN_IDENTITY[sdk=iphoneos*]" = "iPhone Developer";
				COPY_PHASE_STRIP = NO;
				DEBUG_INFORMATION_FORMAT = dwarf;
				ENABLE_STRICT_OBJC_MSGSEND = YES;
				ENABLE_TESTABILITY = YES;
				GCC_C_LANGUAGE_STANDARD = gnu99;
				GCC_DYNAMIC_NO_PIC = NO;
				GCC_NO_COMMON_BLOCKS = YES;
				GCC_OPTIMIZATION_LEVEL = 0;
				GCC_PREPROCESSOR_DEFINITIONS = (
					"DEBUG=1",
					"$(inherited)",
				);
				GCC_WARN_64_TO_32_BIT_CONVERSION = YES;
				GCC_WARN_ABOUT_RETURN_TYPE = YES_ERROR;
				GCC_WARN_UNDECLARED_SELECTOR = YES;
				GCC_WARN_UNINITIALIZED_AUTOS = YES_AGGRESSIVE;
				GCC_WARN_UNUSED_FUNCTION = YES;
				GCC_WARN_UNUSED_VARIABLE = YES;
				IPHONEOS_DEPLOYMENT_TARGET = 10.1;
				MTL_ENABLE_DEBUG_INFO = YES;
				ONLY_ACTIVE_ARCH = YES;
				SDKROOT = iphoneos;
			};
			name = Debug;
		};
		18B5254F1DD84D2A00A63D9C /* Release */ = {
			isa = XCBuildConfiguration;
			buildSettings = {
				ALWAYS_SEARCH_USER_PATHS = NO;
				CLANG_ANALYZER_NONNULL = YES;
				CLANG_CXX_LANGUAGE_STANDARD = "gnu++0x";
				CLANG_CXX_LIBRARY = "libc++";
				CLANG_ENABLE_MODULES = YES;
				CLANG_ENABLE_OBJC_ARC = YES;
				CLANG_WARN_BOOL_CONVERSION = YES;
				CLANG_WARN_CONSTANT_CONVERSION = YES;
				CLANG_WARN_DIRECT_OBJC_ISA_USAGE = YES_ERROR;
				CLANG_WARN_DOCUMENTATION_COMMENTS = YES;
				CLANG_WARN_EMPTY_BODY = YES;
				CLANG_WARN_ENUM_CONVERSION = YES;
				CLANG_WARN_INFINITE_RECURSION = YES;
				CLANG_WARN_INT_CONVERSION = YES;
				CLANG_WARN_OBJC_ROOT_CLASS = YES_ERROR;
				CLANG_WARN_SUSPICIOUS_MOVES = YES;
				CLANG_WARN_UNREACHABLE_CODE = YES;
				CLANG_WARN__DUPLICATE_METHOD_MATCH = YES;
				"CODE_SIGN_IDENTITY[sdk=iphoneos*]" = "iPhone Developer";
				COPY_PHASE_STRIP = NO;
				DEBUG_INFORMATION_FORMAT = "dwarf-with-dsym";
				ENABLE_NS_ASSERTIONS = NO;
				ENABLE_STRICT_OBJC_MSGSEND = YES;
				GCC_C_LANGUAGE_STANDARD = gnu99;
				GCC_NO_COMMON_BLOCKS = YES;
				GCC_WARN_64_TO_32_BIT_CONVERSION = YES;
				GCC_WARN_ABOUT_RETURN_TYPE = YES_ERROR;
				GCC_WARN_UNDECLARED_SELECTOR = YES;
				GCC_WARN_UNINITIALIZED_AUTOS = YES_AGGRESSIVE;
				GCC_WARN_UNUSED_FUNCTION = YES;
				GCC_WARN_UNUSED_VARIABLE = YES;
				IPHONEOS_DEPLOYMENT_TARGET = 10.1;
				MTL_ENABLE_DEBUG_INFO = NO;
				SDKROOT = iphoneos;
				VALIDATE_PRODUCT = YES;
			};
			name = Release;
		};
		18B525511DD84D2A00A63D9C /* Debug */ = {
			isa = XCBuildConfiguration;
			buildSettings = {
				ASSETCATALOG_COMPILER_APPICON_NAME = AppIcon;
				DEVELOPMENT_TEAM = 8LYGY3ZDDQ;
				INFOPLIST_FILE = LZBCalendar/Info.plist;
				IPHONEOS_DEPLOYMENT_TARGET = 8.0;
				LD_RUNPATH_SEARCH_PATHS = "$(inherited) @executable_path/Frameworks";
				PRODUCT_BUNDLE_IDENTIFIER = "-23334.LZBCalendar";
				PRODUCT_NAME = "$(TARGET_NAME)";
			};
			name = Debug;
		};
		18B525521DD84D2A00A63D9C /* Release */ = {
			isa = XCBuildConfiguration;
			buildSettings = {
				ASSETCATALOG_COMPILER_APPICON_NAME = AppIcon;
				DEVELOPMENT_TEAM = 8LYGY3ZDDQ;
				INFOPLIST_FILE = LZBCalendar/Info.plist;
				IPHONEOS_DEPLOYMENT_TARGET = 8.0;
				LD_RUNPATH_SEARCH_PATHS = "$(inherited) @executable_path/Frameworks";
				PRODUCT_BUNDLE_IDENTIFIER = "-23334.LZBCalendar";
				PRODUCT_NAME = "$(TARGET_NAME)";
			};
			name = Release;
		};
/* End XCBuildConfiguration section */

/* Begin XCConfigurationList section */
		18B525341DD84D2A00A63D9C /* Build configuration list for PBXProject "LZBCalendar" */ = {
			isa = XCConfigurationList;
			buildConfigurations = (
				18B5254E1DD84D2A00A63D9C /* Debug */,
				18B5254F1DD84D2A00A63D9C /* Release */,
			);
			defaultConfigurationIsVisible = 0;
			defaultConfigurationName = Release;
		};
		18B525501DD84D2A00A63D9C /* Build configuration list for PBXNativeTarget "LZBCalendar" */ = {
			isa = XCConfigurationList;
			buildConfigurations = (
				18B525511DD84D2A00A63D9C /* Debug */,
				18B525521DD84D2A00A63D9C /* Release */,
			);
			defaultConfigurationIsVisible = 0;
			defaultConfigurationName = Release;
		};
/* End XCConfigurationList section */
	};
	rootObject = 18B525311DD84D2A00A63D9C /* Project object */;
}
